{
  "name": "Client",
  "lockfileVersion": 3,
  "requires": true,
  "packages": {
    "": {
      "devDependencies": {
        "daisyui": "^5.1.10"
      }
    },
    "node_modules/daisyui": {
      "version": "5.1.10",
      "resolved": "https://registry.npmjs.org/daisyui/-/daisyui-5.1.10.tgz",
      "integrity": "sha512-p1J/HME2WmaSiy6u2alIbeP3gd5PNVft3+6Bdll0BRSm/UdI4084+pD01LxFug/5wGexNewWqbcEL6nB2n2o+Q==",
      "dev": true,
      "funding": {
        "url": "https://github.com/saadeghi/daisyui?sponsor=1"
      }
    }
  }
}
